
Microsoft Visual Studio Solution File, Format Version 12.00
# Visual Studio 14
VisualStudioVersion = 14.0.25420.1
MinimumVisualStudioVersion = 10.0.40219.1
Project("{FAE04EC0-301F-11D3-BF4B-00C04F79EFBC}") = "LocalDocDb", "LocalDocDb\LocalDocDb.csproj", "{911B6EEB-6F16-4F61-9432-47DAB567E7E8}"
EndProject
Project("{FAE04EC0-301F-11D3-BF4B-00C04F79EFBC}") = "LocalDocDb.Tests", "LocalDocDb.Tests\LocalDocDb.Tests.csproj", "{EF17AD88-C3A9-43B4-AC9D-1ED5DAF9ECE5}"
EndProject
Project("{FAE04EC0-301F-11D3-BF4B-00C04F79EFBC}") = "LocalDocDbClient", "LocalDocDbClient\LocalDocDbClient.csproj", "{3CB4B6C4-5524-4283-A9FA-2FEC5AADC16F}"
EndProject
Project("{FAE04EC0-301F-11D3-BF4B-00C04F79EFBC}") = "LocalDocDbClient.Tests", "LocalDocDbClient.Tests\LocalDocDbClient.Tests.csproj", "{5B2F8295-343A-4339-B13B-EA971F8BB4DC}"
EndProject
Global
	GlobalSection(SolutionConfigurationPlatforms) = preSolution
		Debug|Any CPU = Debug|Any CPU
		Release|Any CPU = Release|Any CPU
	EndGlobalSection
	GlobalSection(ProjectConfigurationPlatforms) = postSolution
		{911B6EEB-6F16-4F61-9432-47DAB567E7E8}.Debug|Any CPU.ActiveCfg = Debug|Any CPU
		{911B6EEB-6F16-4F61-9432-47DAB567E7E8}.Debug|Any CPU.Build.0 = Debug|Any CPU
		{911B6EEB-6F16-4F61-9432-47DAB567E7E8}.Release|Any CPU.ActiveCfg = Release|Any CPU
		{911B6EEB-6F16-4F61-9432-47DAB567E7E8}.Release|Any CPU.Build.0 = Release|Any CPU
		{EF17AD88-C3A9-43B4-AC9D-1ED5DAF9ECE5}.Debug|Any CPU.ActiveCfg = Debug|Any CPU
		{EF17AD88-C3A9-43B4-AC9D-1ED5DAF9ECE5}.Debug|Any CPU.Build.0 = Debug|Any CPU
		{EF17AD88-C3A9-43B4-AC9D-1ED5DAF9ECE5}.Release|Any CPU.ActiveCfg = Release|Any CPU
		{EF17AD88-C3A9-43B4-AC9D-1ED5DAF9ECE5}.Release|Any CPU.Build.0 = Release|Any CPU
		{3CB4B6C4-5524-4283-A9FA-2FEC5AADC16F}.Debug|Any CPU.ActiveCfg = Debug|Any CPU
		{3CB4B6C4-5524-4283-A9FA-2FEC5AADC16F}.Debug|Any CPU.Build.0 = Debug|Any CPU
		{3CB4B6C4-5524-4283-A9FA-2FEC5AADC16F}.Release|Any CPU.ActiveCfg = Release|Any CPU
		{3CB4B6C4-5524-4283-A9FA-2FEC5AADC16F}.Release|Any CPU.Build.0 = Release|Any CPU
		{5B2F8295-343A-4339-B13B-EA971F8BB4DC}.Debug|Any CPU.ActiveCfg = Debug|Any CPU
		{5B2F8295-343A-4339-B13B-EA971F8BB4DC}.Debug|Any CPU.Build.0 = Debug|Any CPU
		{5B2F8295-343A-4339-B13B-EA971F8BB4DC}.Release|Any CPU.ActiveCfg = Release|Any CPU
		{5B2F8295-343A-4339-B13B-EA971F8BB4DC}.Release|Any CPU.Build.0 = Release|Any CPU
	EndGlobalSection
	GlobalSection(SolutionProperties) = preSolution
		HideSolutionNode = FALSE
	EndGlobalSection
EndGlobal
